
Microsoft Visual Studio Solution File, Format Version 12.00
# Visual Studio Version 17
VisualStudioVersion = 17.8.34330.188
MinimumVisualStudioVersion = 10.0.40219.1
Project("{FAE04EC0-301F-11D3-BF4B-00C04F79EFBC}") = "LineBotMessage", "LineBotMessage\LineBotMessage.csproj", "{391587BF-20B0-4845-BA76-240586C76B97}"
EndProject
Global
	GlobalSection(SolutionConfigurationPlatforms) = preSolution
		Debug|Any CPU = Debug|Any CPU
		Release|Any CPU = Release|Any CPU
	EndGlobalSection
	GlobalSection(ProjectConfigurationPlatforms) = postSolution
		{391587BF-20B0-4845-BA76-240586C76B97}.Debug|Any CPU.ActiveCfg = Debug|Any CPU
		{391587BF-20B0-4845-BA76-240586C76B97}.Debug|Any CPU.Build.0 = Debug|Any CPU
		{391587BF-20B0-4845-BA76-240586C76B97}.Release|Any CPU.ActiveCfg = Release|Any CPU
		{391587BF-20B0-4845-BA76-240586C76B97}.Release|Any CPU.Build.0 = Release|Any CPU
	EndGlobalSection
	GlobalSection(SolutionProperties) = preSolution
		HideSolutionNode = FALSE
	EndGlobalSection
	GlobalSection(ExtensibilityGlobals) = postSolution
		SolutionGuid = {7D825403-16F7-4B89-9682-1F8C5177ACF5}
	EndGlobalSection
EndGlobal
